# generated by rye
# use `rye lock` or `rye sync` to update this lockfile
#
# last locked with the following flags:
#   pre: false
#   features: []
#   all-features: false
#   with-sources: false
#   generate-hashes: false
#   universal: false

-e file:.
anytree==2.12.1
    # via matecon
et-xmlfile==2.0.0
    # via openpyxl
openpyxl==3.1.5
    # via matecon
pyside6==6.9.0
    # via matecon
pyside6-addons==6.9.0
    # via pyside6
pyside6-essentials==6.9.0
    # via pyside6
    # via pyside6-addons
shiboken6==6.9.0
    # via pyside6
    # via pyside6-addons
    # via pyside6-essentials
six==1.17.0
    # via anytree
