# generated by rye
# use `rye lock` or `rye sync` to update this lockfile
#
# last locked with the following flags:
#   pre: false
#   features: []
#   all-features: false
#   with-sources: false
#   generate-hashes: false
#   universal: false

-e file:.
altgraph==0.17.4
    # via pyinstaller
anytree==2.12.1
    # via matecon
argcomplete==3.6.2
    # via commitizen
black==25.1.0
charset-normalizer==3.4.2
    # via commitizen
click==8.1.8
    # via black
colorama==0.4.6
    # via click
    # via commitizen
    # via pytest
commitizen==4.8.3
decli==0.6.3
    # via commitizen
et-xmlfile==2.0.0
    # via openpyxl
importlib-metadata==8.7.0
    # via commitizen
iniconfig==2.0.0
    # via pytest
jinja2==3.1.6
    # via commitizen
markupsafe==3.0.2
    # via jinja2
mypy-extensions==1.0.0
    # via black
openpyxl==3.1.5
    # via matecon
packaging==24.2
    # via black
    # via commitizen
    # via pyinstaller
    # via pyinstaller-hooks-contrib
    # via pytest
pathspec==0.12.1
    # via black
pefile==2023.2.7
    # via pyinstaller
platformdirs==4.3.6
    # via black
pluggy==1.5.0
    # via pytest
prompt-toolkit==3.0.51
    # via questionary
pyinstaller==6.12.0
pyinstaller-hooks-contrib==2025.1
    # via pyinstaller
pyside6==6.9.0
    # via matecon
pyside6-addons==6.9.0
    # via pyside6
pyside6-essentials==6.9.0
    # via pyside6
    # via pyside6-addons
pytest==8.3.5
pywin32-ctypes==0.2.3
    # via pyinstaller
pyyaml==6.0.2
    # via commitizen
questionary==2.1.0
    # via commitizen
setuptools==76.0.0
    # via pyinstaller
    # via pyinstaller-hooks-contrib
shiboken6==6.9.0
    # via pyside6
    # via pyside6-addons
    # via pyside6-essentials
six==1.17.0
    # via anytree
termcolor==3.1.0
    # via commitizen
tomlkit==0.13.3
    # via commitizen
wcwidth==0.2.13
    # via prompt-toolkit
zipp==3.23.0
    # via importlib-metadata
